// !$*UTF8*$!
{
	archiveVersion = 1;
	classes = {
	};
	objectVersion = 56;
	objects = {

/* Begin PBXBuildFile section */
		3FC2D580800306D6FE85A226 /* Pods_home_assistant.framework in Frameworks */ = {isa = PBXBuildFile; fileRef = 262DB9826222EAB9748A10BB /* Pods_home_assistant.framework */; };
		838190AF0A05ACF2256AEDC5 /* Pods_home_assistant_home_assistantUITests.framework in Frameworks */ = {isa = PBXBuildFile; fileRef = 797F2BC8851C102417162F03 /* Pods_home_assistant_home_assistantUITests.framework */; };
		84760DEA2E0BF5D4009508C6 /* HeaderView.swift in Sources */ = {isa = PBXBuildFile; fileRef = 84760DE92E0BF5D4009508C6 /* HeaderView.swift */; };
		84760DEC2E0BF5E3009508C6 /* MenuView.swift in Sources */ = {isa = PBXBuildFile; fileRef = 84760DEB2E0BF5E3009508C6 /* MenuView.swift */; };
		84760DEF2E0BF96C009508C6 /* DeviceView.swift in Sources */ = {isa = PBXBuildFile; fileRef = 84760DEE2E0BF96C009508C6 /* DeviceView.swift */; };
		84760DF22E0C00CE009508C6 /* SliderControl.swift in Sources */ = {isa = PBXBuildFile; fileRef = 84760DF12E0C00CE009508C6 /* SliderControl.swift */; };
		84760DF42E0C00E0009508C6 /* SwitchControl.swift in Sources */ = {isa = PBXBuildFile; fileRef = 84760DF32E0C00E0009508C6 /* SwitchControl.swift */; };
		84760DF62E0C0119009508C6 /* Structs.swift in Sources */ = {isa = PBXBuildFile; fileRef = 84760DF52E0C0119009508C6 /* Structs.swift */; };
		84760DF82E0C013B009508C6 /* DeviceCard.swift in Sources */ = {isa = PBXBuildFile; fileRef = 84760DF72E0C013B009508C6 /* DeviceCard.swift */; };
		84760DFA2E0C038E009508C6 /* SettingsView.swift in Sources */ = {isa = PBXBuildFile; fileRef = 84760DF92E0C038E009508C6 /* SettingsView.swift */; };
		84760DFD2E0C0C05009508C6 /* AddBlueToothDeviceView.swift in Sources */ = {isa = PBXBuildFile; fileRef = 84760DFC2E0C0C05009508C6 /* AddBlueToothDeviceView.swift */; };
		84760DFF2E0C1C16009508C6 /* DeviceDetailView.swift in Sources */ = {isa = PBXBuildFile; fileRef = 84760DFE2E0C1C15009508C6 /* DeviceDetailView.swift */; };
		84A1BB012DFB05C100152D79 /* home_assistantApp.swift in Sources */ = {isa = PBXBuildFile; fileRef = 84A1BB002DFB05C100152D79 /* home_assistantApp.swift */; };
		84A1BB032DFB05C100152D79 /* ContentView.swift in Sources */ = {isa = PBXBuildFile; fileRef = 84A1BB022DFB05C100152D79 /* ContentView.swift */; };
		84A1BB052DFB05C200152D79 /* Assets.xcassets in Resources */ = {isa = PBXBuildFile; fileRef = 84A1BB042DFB05C200152D79 /* Assets.xcassets */; };
		84A1BB082DFB05C200152D79 /* Preview Assets.xcassets in Resources */ = {isa = PBXBuildFile; fileRef = 84A1BB072DFB05C200152D79 /* Preview Assets.xcassets */; };
		84A1BB122DFB05C200152D79 /* home_assistantTests.swift in Sources */ = {isa = PBXBuildFile; fileRef = 84A1BB112DFB05C200152D79 /* home_assistantTests.swift */; };
		84A1BB1C2DFB05C200152D79 /* home_assistantUITests.swift in Sources */ = {isa = PBXBuildFile; fileRef = 84A1BB1B2DFB05C200152D79 /* home_assistantUITests.swift */; };
		84A1BB1E2DFB05C200152D79 /* home_assistantUITestsLaunchTests.swift in Sources */ = {isa = PBXBuildFile; fileRef = 84A1BB1D2DFB05C200152D79 /* home_assistantUITestsLaunchTests.swift */; };
		84A1BB2C2DFB067B00152D79 /* SocketManager.swift in Sources */ = {isa = PBXBuildFile; fileRef = 84A1BB2B2DFB067B00152D79 /* SocketManager.swift */; };
		C372ED8541DF779FE05C185F /* Pods_home_assistantTests.framework in Frameworks */ = {isa = PBXBuildFile; fileRef = 5E72D39A4B62AC008BD5FDC7 /* Pods_home_assistantTests.framework */; };
/* End PBXBuildFile section */

/* Begin PBXContainerItemProxy section */
		84A1BB0E2DFB05C200152D79 /* PBXContainerItemProxy */ = {
			isa = PBXContainerItemProxy;
			containerPortal = 84A1BAF52DFB05C100152D79 /* Project object */;
			proxyType = 1;
			remoteGlobalIDString = 84A1BAFC2DFB05C100152D79;
			remoteInfo = "home-assistant";
		};
		84A1BB182DFB05C200152D79 /* PBXContainerItemProxy */ = {
			isa = PBXContainerItemProxy;
			containerPortal = 84A1BAF52DFB05C100152D79 /* Project object */;
			proxyType = 1;
			remoteGlobalIDString = 84A1BAFC2DFB05C100152D79;
			remoteInfo = "home-assistant";
		};
/* End PBXContainerItemProxy section */

/* Begin PBXFileReference section */
		0D5715147D705E45AB9AB5C0 /* Pods-home-assistant.debug.xcconfig */ = {isa = PBXFileReference; includeInIndex = 1; lastKnownFileType = text.xcconfig; name = "Pods-home-assistant.debug.xcconfig"; path = "Target Support Files/Pods-home-assistant/Pods-home-assistant.debug.xcconfig"; sourceTree = "<group>"; };
		0FFD7CD145C7DF8EF0FC7E9D /* Pods-home-assistantTests.debug.xcconfig */ = {isa = PBXFileReference; includeInIndex = 1; lastKnownFileType = text.xcconfig; name = "Pods-home-assistantTests.debug.xcconfig"; path = "Target Support Files/Pods-home-assistantTests/Pods-home-assistantTests.debug.xcconfig"; sourceTree = "<group>"; };
		262DB9826222EAB9748A10BB /* Pods_home_assistant.framework */ = {isa = PBXFileReference; explicitFileType = wrapper.framework; includeInIndex = 0; path = Pods_home_assistant.framework; sourceTree = BUILT_PRODUCTS_DIR; };
		34B8F231B198B6E0A8EB3A23 /* Pods-home-assistantTests.release.xcconfig */ = {isa = PBXFileReference; includeInIndex = 1; lastKnownFileType = text.xcconfig; name = "Pods-home-assistantTests.release.xcconfig"; path = "Target Support Files/Pods-home-assistantTests/Pods-home-assistantTests.release.xcconfig"; sourceTree = "<group>"; };
		55A5BCB98A19C7D2DAABB7E9 /* Pods-home-assistant-home-assistantUITests.debug.xcconfig */ = {isa = PBXFileReference; includeInIndex = 1; lastKnownFileType = text.xcconfig; name = "Pods-home-assistant-home-assistantUITests.debug.xcconfig"; path = "Target Support Files/Pods-home-assistant-home-assistantUITests/Pods-home-assistant-home-assistantUITests.debug.xcconfig"; sourceTree = "<group>"; };
		5E72D39A4B62AC008BD5FDC7 /* Pods_home_assistantTests.framework */ = {isa = PBXFileReference; explicitFileType = wrapper.framework; includeInIndex = 0; path = Pods_home_assistantTests.framework; sourceTree = BUILT_PRODUCTS_DIR; };
		72E20C3330384FAE1B43FA28 /* Pods-home-assistant.release.xcconfig */ = {isa = PBXFileReference; includeInIndex = 1; lastKnownFileType = text.xcconfig; name = "Pods-home-assistant.release.xcconfig"; path = "Target Support Files/Pods-home-assistant/Pods-home-assistant.release.xcconfig"; sourceTree = "<group>"; };
		797F2BC8851C102417162F03 /* Pods_home_assistant_home_assistantUITests.framework */ = {isa = PBXFileReference; explicitFileType = wrapper.framework; includeInIndex = 0; path = Pods_home_assistant_home_assistantUITests.framework; sourceTree = BUILT_PRODUCTS_DIR; };
		84760DE92E0BF5D4009508C6 /* HeaderView.swift */ = {isa = PBXFileReference; lastKnownFileType = sourcecode.swift; path = HeaderView.swift; sourceTree = "<group>"; };
		84760DEB2E0BF5E3009508C6 /* MenuView.swift */ = {isa = PBXFileReference; lastKnownFileType = sourcecode.swift; path = MenuView.swift; sourceTree = "<group>"; };
		84760DEE2E0BF96C009508C6 /* DeviceView.swift */ = {isa = PBXFileReference; lastKnownFileType = sourcecode.swift; path = DeviceView.swift; sourceTree = "<group>"; };
		84760DF12E0C00CE009508C6 /* SliderControl.swift */ = {isa = PBXFileReference; lastKnownFileType = sourcecode.swift; path = SliderControl.swift; sourceTree = "<group>"; };
		84760DF32E0C00E0009508C6 /* SwitchControl.swift */ = {isa = PBXFileReference; lastKnownFileType = sourcecode.swift; path = SwitchControl.swift; sourceTree = "<group>"; };
		84760DF52E0C0119009508C6 /* Structs.swift */ = {isa = PBXFileReference; lastKnownFileType = sourcecode.swift; path = Structs.swift; sourceTree = "<group>"; };
		84760DF72E0C013B009508C6 /* DeviceCard.swift */ = {isa = PBXFileReference; lastKnownFileType = sourcecode.swift; path = DeviceCard.swift; sourceTree = "<group>"; };
		84760DF92E0C038E009508C6 /* SettingsView.swift */ = {isa = PBXFileReference; lastKnownFileType = sourcecode.swift; path = SettingsView.swift; sourceTree = "<group>"; };
		84760DFC2E0C0C05009508C6 /* AddBlueToothDeviceView.swift */ = {isa = PBXFileReference; lastKnownFileType = sourcecode.swift; path = AddBlueToothDeviceView.swift; sourceTree = "<group>"; };
		84760DFE2E0C1C15009508C6 /* DeviceDetailView.swift */ = {isa = PBXFileReference; lastKnownFileType = sourcecode.swift; path = DeviceDetailView.swift; sourceTree = "<group>"; };
		84760E002E0C22A4009508C6 /* ApplicationConfiguration */ = {isa = PBXFileReference; lastKnownFileType = text; path = ApplicationConfiguration; sourceTree = SOURCE_ROOT; };
		84760E012E0C26B5009508C6 /* BlueToothWifiConfiguration */ = {isa = PBXFileReference; lastKnownFileType = text; path = BlueToothWifiConfiguration; sourceTree = SOURCE_ROOT; };
		84760E022E0C26F5009508C6 /* EsphomeCommunication */ = {isa = PBXFileReference; lastKnownFileType = text; path = EsphomeCommunication; sourceTree = SOURCE_ROOT; };
		84A1BAFD2DFB05C100152D79 /* home-assistant.app */ = {isa = PBXFileReference; explicitFileType = wrapper.application; includeInIndex = 0; path = "home-assistant.app"; sourceTree = BUILT_PRODUCTS_DIR; };
		84A1BB002DFB05C100152D79 /* home_assistantApp.swift */ = {isa = PBXFileReference; lastKnownFileType = sourcecode.swift; path = home_assistantApp.swift; sourceTree = "<group>"; };
		84A1BB022DFB05C100152D79 /* ContentView.swift */ = {isa = PBXFileReference; lastKnownFileType = sourcecode.swift; path = ContentView.swift; sourceTree = "<group>"; };
		84A1BB042DFB05C200152D79 /* Assets.xcassets */ = {isa = PBXFileReference; lastKnownFileType = folder.assetcatalog; path = Assets.xcassets; sourceTree = "<group>"; };
		84A1BB072DFB05C200152D79 /* Preview Assets.xcassets */ = {isa = PBXFileReference; lastKnownFileType = folder.assetcatalog; path = "Preview Assets.xcassets"; sourceTree = "<group>"; };
		84A1BB0D2DFB05C200152D79 /* home-assistantTests.xctest */ = {isa = PBXFileReference; explicitFileType = wrapper.cfbundle; includeInIndex = 0; path = "home-assistantTests.xctest"; sourceTree = BUILT_PRODUCTS_DIR; };
		84A1BB112DFB05C200152D79 /* home_assistantTests.swift */ = {isa = PBXFileReference; lastKnownFileType = sourcecode.swift; path = home_assistantTests.swift; sourceTree = "<group>"; };
		84A1BB172DFB05C200152D79 /* home-assistantUITests.xctest */ = {isa = PBXFileReference; explicitFileType = wrapper.cfbundle; includeInIndex = 0; path = "home-assistantUITests.xctest"; sourceTree = BUILT_PRODUCTS_DIR; };
		84A1BB1B2DFB05C200152D79 /* home_assistantUITests.swift */ = {isa = PBXFileReference; lastKnownFileType = sourcecode.swift; path = home_assistantUITests.swift; sourceTree = "<group>"; };
		84A1BB1D2DFB05C200152D79 /* home_assistantUITestsLaunchTests.swift */ = {isa = PBXFileReference; lastKnownFileType = sourcecode.swift; path = home_assistantUITestsLaunchTests.swift; sourceTree = "<group>"; };
		84A1BB2B2DFB067B00152D79 /* SocketManager.swift */ = {isa = PBXFileReference; lastKnownFileType = sourcecode.swift; path = SocketManager.swift; sourceTree = "<group>"; };
		C8269181DFA5A9140627808B /* Pods-home-assistant-home-assistantUITests.release.xcconfig */ = {isa = PBXFileReference; includeInIndex = 1; lastKnownFileType = text.xcconfig; name = "Pods-home-assistant-home-assistantUITests.release.xcconfig"; path = "Target Support Files/Pods-home-assistant-home-assistantUITests/Pods-home-assistant-home-assistantUITests.release.xcconfig"; sourceTree = "<group>"; };
/* End PBXFileReference section */

/* Begin PBXFrameworksBuildPhase section */
		84A1BAFA2DFB05C100152D79 /* Frameworks */ = {
			isa = PBXFrameworksBuildPhase;
			buildActionMask = 2147483647;
			files = (
				3FC2D580800306D6FE85A226 /* Pods_home_assistant.framework in Frameworks */,
			);
			runOnlyForDeploymentPostprocessing = 0;
		};
		84A1BB0A2DFB05C200152D79 /* Frameworks */ = {
			isa = PBXFrameworksBuildPhase;
			buildActionMask = 2147483647;
			files = (
				C372ED8541DF779FE05C185F /* Pods_home_assistantTests.framework in Frameworks */,
			);
			runOnlyForDeploymentPostprocessing = 0;
		};
		84A1BB142DFB05C200152D79 /* Frameworks */ = {
			isa = PBXFrameworksBuildPhase;
			buildActionMask = 2147483647;
			files = (
				838190AF0A05ACF2256AEDC5 /* Pods_home_assistant_home_assistantUITests.framework in Frameworks */,
			);
			runOnlyForDeploymentPostprocessing = 0;
		};
/* End PBXFrameworksBuildPhase section */

/* Begin PBXGroup section */
		2CD4E9EFDAD5FA67091A3DB5 /* Pods */ = {
			isa = PBXGroup;
			children = (
				0D5715147D705E45AB9AB5C0 /* Pods-home-assistant.debug.xcconfig */,
				72E20C3330384FAE1B43FA28 /* Pods-home-assistant.release.xcconfig */,
				55A5BCB98A19C7D2DAABB7E9 /* Pods-home-assistant-home-assistantUITests.debug.xcconfig */,
				C8269181DFA5A9140627808B /* Pods-home-assistant-home-assistantUITests.release.xcconfig */,
				0FFD7CD145C7DF8EF0FC7E9D /* Pods-home-assistantTests.debug.xcconfig */,
				34B8F231B198B6E0A8EB3A23 /* Pods-home-assistantTests.release.xcconfig */,
			);
			path = Pods;
			sourceTree = "<group>";
		};
		6192D6D448631F575FAEA9A3 /* Frameworks */ = {
			isa = PBXGroup;
			children = (
				262DB9826222EAB9748A10BB /* Pods_home_assistant.framework */,
				797F2BC8851C102417162F03 /* Pods_home_assistant_home_assistantUITests.framework */,
				5E72D39A4B62AC008BD5FDC7 /* Pods_home_assistantTests.framework */,
			);
			name = Frameworks;
			sourceTree = "<group>";
		};
		84760DE72E0BF59B009508C6 /* View */ = {
			isa = PBXGroup;
			children = (
				84760DED2E0BF952009508C6 /* BodyView */,
				84760DE82E0BF5B3009508C6 /* HeadView */,
			);
			path = View;
			sourceTree = "<group>";
		};
		84760DE82E0BF5B3009508C6 /* HeadView */ = {
			isa = PBXGroup;
			children = (
				84760DE92E0BF5D4009508C6 /* HeaderView.swift */,
				84760DEB2E0BF5E3009508C6 /* MenuView.swift */,
			);
			path = HeadView;
			sourceTree = "<group>";
		};
		84760DED2E0BF952009508C6 /* BodyView */ = {
			isa = PBXGroup;
			children = (
				84760DF52E0C0119009508C6 /* Structs.swift */,
				84760DFB2E0C0BE9009508C6 /* SettingView */,
				84760DF02E0C00AE009508C6 /* DeviceView */,
				84760DEE2E0BF96C009508C6 /* DeviceView.swift */,
				84760DF92E0C038E009508C6 /* SettingsView.swift */,
			);
			path = BodyView;
			sourceTree = "<group>";
		};
		84760DF02E0C00AE009508C6 /* DeviceView */ = {
			isa = PBXGroup;
			children = (
				84760DF12E0C00CE009508C6 /* SliderControl.swift */,
				84760DF32E0C00E0009508C6 /* SwitchControl.swift */,
				84760DF72E0C013B009508C6 /* DeviceCard.swift */,
				84760DFE2E0C1C15009508C6 /* DeviceDetailView.swift */,
			);
			path = DeviceView;
			sourceTree = "<group>";
		};
		84760DFB2E0C0BE9009508C6 /* SettingView */ = {
			isa = PBXGroup;
			children = (
				84760DFC2E0C0C05009508C6 /* AddBlueToothDeviceView.swift */,
			);
			path = SettingView;
			sourceTree = "<group>";
		};
		84A1BAF42DFB05C100152D79 = {
			isa = PBXGroup;
			children = (
				84A1BAFF2DFB05C100152D79 /* home-assistant */,
				84A1BB102DFB05C200152D79 /* home-assistantTests */,
				84A1BB1A2DFB05C200152D79 /* home-assistantUITests */,
				84A1BAFE2DFB05C100152D79 /* Products */,
				2CD4E9EFDAD5FA67091A3DB5 /* Pods */,
				6192D6D448631F575FAEA9A3 /* Frameworks */,
			);
			sourceTree = "<group>";
		};
		84A1BAFE2DFB05C100152D79 /* Products */ = {
			isa = PBXGroup;
			children = (
				84A1BAFD2DFB05C100152D79 /* home-assistant.app */,
				84A1BB0D2DFB05C200152D79 /* home-assistantTests.xctest */,
				84A1BB172DFB05C200152D79 /* home-assistantUITests.xctest */,
			);
			name = Products;
			sourceTree = "<group>";
		};
		84A1BAFF2DFB05C100152D79 /* home-assistant */ = {
			isa = PBXGroup;
			children = (
				84760E022E0C26F5009508C6 /* EsphomeCommunication */,
				84760E012E0C26B5009508C6 /* BlueToothWifiConfiguration */,
				84760E002E0C22A4009508C6 /* ApplicationConfiguration */,
				84760DE72E0BF59B009508C6 /* View */,
				84A1BB2D2DFB0F8600152D79 /* Proto */,
				84A1BB2A2DFB065800152D79 /* Network */,
				84A1BB002DFB05C100152D79 /* home_assistantApp.swift */,
				84A1BB022DFB05C100152D79 /* ContentView.swift */,
				84A1BB042DFB05C200152D79 /* Assets.xcassets */,
				84A1BB062DFB05C200152D79 /* Preview Content */,
			);
			path = "home-assistant";
			sourceTree = "<group>";
		};
		84A1BB062DFB05C200152D79 /* Preview Content */ = {
			isa = PBXGroup;
			children = (
				84A1BB072DFB05C200152D79 /* Preview Assets.xcassets */,
			);
			path = "Preview Content";
			sourceTree = "<group>";
		};
		84A1BB102DFB05C200152D79 /* home-assistantTests */ = {
			isa = PBXGroup;
			children = (
				84A1BB112DFB05C200152D79 /* home_assistantTests.swift */,
			);
			path = "home-assistantTests";
			sourceTree = "<group>";
		};
		84A1BB1A2DFB05C200152D79 /* home-assistantUITests */ = {
			isa = PBXGroup;
			children = (
				84A1BB1B2DFB05C200152D79 /* home_assistantUITests.swift */,
				84A1BB1D2DFB05C200152D79 /* home_assistantUITestsLaunchTests.swift */,
			);
			path = "home-assistantUITests";
			sourceTree = "<group>";
		};
		84A1BB2A2DFB065800152D79 /* Network */ = {
			isa = PBXGroup;
			children = (
				84A1BB2B2DFB067B00152D79 /* SocketManager.swift */,
			);
			path = Network;
			sourceTree = "<group>";
		};
		84A1BB2D2DFB0F8600152D79 /* Proto */ = {
			isa = PBXGroup;
			children = (
			);
			path = Proto;
			sourceTree = "<group>";
		};
/* End PBXGroup section */

/* Begin PBXNativeTarget section */
		84A1BAFC2DFB05C100152D79 /* home-assistant */ = {
			isa = PBXNativeTarget;
			buildConfigurationList = 84A1BB212DFB05C200152D79 /* Build configuration list for PBXNativeTarget "home-assistant" */;
			buildPhases = (
				A6BD0A40D94EBDE8EC4A426F /* [CP] Check Pods Manifest.lock */,
				84A1BAF92DFB05C100152D79 /* Sources */,
				84A1BAFA2DFB05C100152D79 /* Frameworks */,
				84A1BAFB2DFB05C100152D79 /* Resources */,
				EDB437F39BB06E23DD8190E8 /* [CP] Embed Pods Frameworks */,
			);
			buildRules = (
			);
			dependencies = (
			);
			name = "home-assistant";
			productName = "home-assistant";
			productReference = 84A1BAFD2DFB05C100152D79 /* home-assistant.app */;
			productType = "com.apple.product-type.application";
		};
		84A1BB0C2DFB05C200152D79 /* home-assistantTests */ = {
			isa = PBXNativeTarget;
			buildConfigurationList = 84A1BB242DFB05C200152D79 /* Build configuration list for PBXNativeTarget "home-assistantTests" */;
			buildPhases = (
				2E8CE2B26AB64FBCF47009D6 /* [CP] Check Pods Manifest.lock */,
				84A1BB092DFB05C200152D79 /* Sources */,
				84A1BB0A2DFB05C200152D79 /* Frameworks */,
				84A1BB0B2DFB05C200152D79 /* Resources */,
				B8862AABCFDA47F25D03A1C1 /* [CP] Embed Pods Frameworks */,
			);
			buildRules = (
			);
			dependencies = (
				84A1BB0F2DFB05C200152D79 /* PBXTargetDependency */,
			);
			name = "home-assistantTests";
			productName = "home-assistantTests";
			productReference = 84A1BB0D2DFB05C200152D79 /* home-assistantTests.xctest */;
			productType = "com.apple.product-type.bundle.unit-test";
		};
		84A1BB162DFB05C200152D79 /* home-assistantUITests */ = {
			isa = PBXNativeTarget;
			buildConfigurationList = 84A1BB272DFB05C200152D79 /* Build configuration list for PBXNativeTarget "home-assistantUITests" */;
			buildPhases = (
				2CAAB8CBEEA4F6633F527852 /* [CP] Check Pods Manifest.lock */,
				84A1BB132DFB05C200152D79 /* Sources */,
				84A1BB142DFB05C200152D79 /* Frameworks */,
				84A1BB152DFB05C200152D79 /* Resources */,
				1C63C69F37A1504804DB5841 /* [CP] Embed Pods Frameworks */,
			);
			buildRules = (
			);
			dependencies = (
				84A1BB192DFB05C200152D79 /* PBXTargetDependency */,
			);
			name = "home-assistantUITests";
			productName = "home-assistantUITests";
			productReference = 84A1BB172DFB05C200152D79 /* home-assistantUITests.xctest */;
			productType = "com.apple.product-type.bundle.ui-testing";
		};
/* End PBXNativeTarget section */

/* Begin PBXProject section */
		84A1BAF52DFB05C100152D79 /* Project object */ = {
			isa = PBXProject;
			attributes = {
				BuildIndependentTargetsInParallel = 1;
				LastSwiftUpdateCheck = 1430;
				LastUpgradeCheck = 1430;
				TargetAttributes = {
					84A1BAFC2DFB05C100152D79 = {
						CreatedOnToolsVersion = 14.3.1;
					};
					84A1BB0C2DFB05C200152D79 = {
						CreatedOnToolsVersion = 14.3.1;
						TestTargetID = 84A1BAFC2DFB05C100152D79;
					};
					84A1BB162DFB05C200152D79 = {
						CreatedOnToolsVersion = 14.3.1;
						TestTargetID = 84A1BAFC2DFB05C100152D79;
					};
				};
			};
			buildConfigurationList = 84A1BAF82DFB05C100152D79 /* Build configuration list for PBXProject "home-assistant" */;
			compatibilityVersion = "Xcode 14.0";
			developmentRegion = en;
			hasScannedForEncodings = 0;
			knownRegions = (
				en,
				Base,
			);
			mainGroup = 84A1BAF42DFB05C100152D79;
			productRefGroup = 84A1BAFE2DFB05C100152D79 /* Products */;
			projectDirPath = "";
			projectRoot = "";
			targets = (
				84A1BAFC2DFB05C100152D79 /* home-assistant */,
				84A1BB0C2DFB05C200152D79 /* home-assistantTests */,
				84A1BB162DFB05C200152D79 /* home-assistantUITests */,
			);
		};
/* End PBXProject section */

/* Begin PBXResourcesBuildPhase section */
		84A1BAFB2DFB05C100152D79 /* Resources */ = {
			isa = PBXResourcesBuildPhase;
			buildActionMask = 2147483647;
			files = (
				84A1BB082DFB05C200152D79 /* Preview Assets.xcassets in Resources */,
				84A1BB052DFB05C200152D79 /* Assets.xcassets in Resources */,
			);
			runOnlyForDeploymentPostprocessing = 0;
		};
		84A1BB0B2DFB05C200152D79 /* Resources */ = {
			isa = PBXResourcesBuildPhase;
			buildActionMask = 2147483647;
			files = (
			);
			runOnlyForDeploymentPostprocessing = 0;
		};
		84A1BB152DFB05C200152D79 /* Resources */ = {
			isa = PBXResourcesBuildPhase;
			buildActionMask = 2147483647;
			files = (
			);
			runOnlyForDeploymentPostprocessing = 0;
		};
/* End PBXResourcesBuildPhase section */

/* Begin PBXShellScriptBuildPhase section */
		1C63C69F37A1504804DB5841 /* [CP] Embed Pods Frameworks */ = {
			isa = PBXShellScriptBuildPhase;
			buildActionMask = 2147483647;
			files = (
			);
			inputFileListPaths = (
				"${PODS_ROOT}/Target Support Files/Pods-home-assistant-home-assistantUITests/Pods-home-assistant-home-assistantUITests-frameworks-${CONFIGURATION}-input-files.xcfilelist",
			);
			name = "[CP] Embed Pods Frameworks";
			outputFileListPaths = (
				"${PODS_ROOT}/Target Support Files/Pods-home-assistant-home-assistantUITests/Pods-home-assistant-home-assistantUITests-frameworks-${CONFIGURATION}-output-files.xcfilelist",
			);
			runOnlyForDeploymentPostprocessing = 0;
			shellPath = /bin/sh;
			shellScript = "\"${PODS_ROOT}/Target Support Files/Pods-home-assistant-home-assistantUITests/Pods-home-assistant-home-assistantUITests-frameworks.sh\"\n";
			showEnvVarsInLog = 0;
		};
		2CAAB8CBEEA4F6633F527852 /* [CP] Check Pods Manifest.lock */ = {
			isa = PBXShellScriptBuildPhase;
			buildActionMask = 2147483647;
			files = (
			);
			inputFileListPaths = (
			);
			inputPaths = (
				"${PODS_PODFILE_DIR_PATH}/Podfile.lock",
				"${PODS_ROOT}/Manifest.lock",
			);
			name = "[CP] Check Pods Manifest.lock";
			outputFileListPaths = (
			);
			outputPaths = (
				"$(DERIVED_FILE_DIR)/Pods-home-assistant-home-assistantUITests-checkManifestLockResult.txt",
			);
			runOnlyForDeploymentPostprocessing = 0;
			shellPath = /bin/sh;
			shellScript = "diff \"${PODS_PODFILE_DIR_PATH}/Podfile.lock\" \"${PODS_ROOT}/Manifest.lock\" > /dev/null\nif [ $? != 0 ] ; then\n    # print error to STDERR\n    echo \"error: The sandbox is not in sync with the Podfile.lock. Run 'pod install' or update your CocoaPods installation.\" >&2\n    exit 1\nfi\n# This output is used by Xcode 'outputs' to avoid re-running this script phase.\necho \"SUCCESS\" > \"${SCRIPT_OUTPUT_FILE_0}\"\n";
			showEnvVarsInLog = 0;
		};
		2E8CE2B26AB64FBCF47009D6 /* [CP] Check Pods Manifest.lock */ = {
			isa = PBXShellScriptBuildPhase;
			buildActionMask = 2147483647;
			files = (
			);
			inputFileListPaths = (
			);
			inputPaths = (
				"${PODS_PODFILE_DIR_PATH}/Podfile.lock",
				"${PODS_ROOT}/Manifest.lock",
			);
			name = "[CP] Check Pods Manifest.lock";
			outputFileListPaths = (
			);
			outputPaths = (
				"$(DERIVED_FILE_DIR)/Pods-home-assistantTests-checkManifestLockResult.txt",
			);
			runOnlyForDeploymentPostprocessing = 0;
			shellPath = /bin/sh;
			shellScript = "diff \"${PODS_PODFILE_DIR_PATH}/Podfile.lock\" \"${PODS_ROOT}/Manifest.lock\" > /dev/null\nif [ $? != 0 ] ; then\n    # print error to STDERR\n    echo \"error: The sandbox is not in sync with the Podfile.lock. Run 'pod install' or update your CocoaPods installation.\" >&2\n    exit 1\nfi\n# This output is used by Xcode 'outputs' to avoid re-running this script phase.\necho \"SUCCESS\" > \"${SCRIPT_OUTPUT_FILE_0}\"\n";
			showEnvVarsInLog = 0;
		};
		A6BD0A40D94EBDE8EC4A426F /* [CP] Check Pods Manifest.lock */ = {
			isa = PBXShellScriptBuildPhase;
			buildActionMask = 2147483647;
			files = (
			);
			inputFileListPaths = (
			);
			inputPaths = (
				"${PODS_PODFILE_DIR_PATH}/Podfile.lock",
				"${PODS_ROOT}/Manifest.lock",
			);
			name = "[CP] Check Pods Manifest.lock";
			outputFileListPaths = (
			);
			outputPaths = (
				"$(DERIVED_FILE_DIR)/Pods-home-assistant-checkManifestLockResult.txt",
			);
			runOnlyForDeploymentPostprocessing = 0;
			shellPath = /bin/sh;
			shellScript = "diff \"${PODS_PODFILE_DIR_PATH}/Podfile.lock\" \"${PODS_ROOT}/Manifest.lock\" > /dev/null\nif [ $? != 0 ] ; then\n    # print error to STDERR\n    echo \"error: The sandbox is not in sync with the Podfile.lock. Run 'pod install' or update your CocoaPods installation.\" >&2\n    exit 1\nfi\n# This output is used by Xcode 'outputs' to avoid re-running this script phase.\necho \"SUCCESS\" > \"${SCRIPT_OUTPUT_FILE_0}\"\n";
			showEnvVarsInLog = 0;
		};
		B8862AABCFDA47F25D03A1C1 /* [CP] Embed Pods Frameworks */ = {
			isa = PBXShellScriptBuildPhase;
			buildActionMask = 2147483647;
			files = (
			);
			inputFileListPaths = (
				"${PODS_ROOT}/Target Support Files/Pods-home-assistantTests/Pods-home-assistantTests-frameworks-${CONFIGURATION}-input-files.xcfilelist",
			);
			name = "[CP] Embed Pods Frameworks";
			outputFileListPaths = (
				"${PODS_ROOT}/Target Support Files/Pods-home-assistantTests/Pods-home-assistantTests-frameworks-${CONFIGURATION}-output-files.xcfilelist",
			);
			runOnlyForDeploymentPostprocessing = 0;
			shellPath = /bin/sh;
			shellScript = "\"${PODS_ROOT}/Target Support Files/Pods-home-assistantTests/Pods-home-assistantTests-frameworks.sh\"\n";
			showEnvVarsInLog = 0;
		};
		EDB437F39BB06E23DD8190E8 /* [CP] Embed Pods Frameworks */ = {
			isa = PBXShellScriptBuildPhase;
			buildActionMask = 2147483647;
			files = (
			);
			inputFileListPaths = (
				"${PODS_ROOT}/Target Support Files/Pods-home-assistant/Pods-home-assistant-frameworks-${CONFIGURATION}-input-files.xcfilelist",
			);
			name = "[CP] Embed Pods Frameworks";
			outputFileListPaths = (
				"${PODS_ROOT}/Target Support Files/Pods-home-assistant/Pods-home-assistant-frameworks-${CONFIGURATION}-output-files.xcfilelist",
			);
			runOnlyForDeploymentPostprocessing = 0;
			shellPath = /bin/sh;
			shellScript = "\"${PODS_ROOT}/Target Support Files/Pods-home-assistant/Pods-home-assistant-frameworks.sh\"\n";
			showEnvVarsInLog = 0;
		};
/* End PBXShellScriptBuildPhase section */

/* Begin PBXSourcesBuildPhase section */
		84A1BAF92DFB05C100152D79 /* Sources */ = {
			isa = PBXSourcesBuildPhase;
			buildActionMask = 2147483647;
			files = (
				84760DEC2E0BF5E3009508C6 /* MenuView.swift in Sources */,
				84760DFD2E0C0C05009508C6 /* AddBlueToothDeviceView.swift in Sources */,
				84760DFF2E0C1C16009508C6 /* DeviceDetailView.swift in Sources */,
				84760DF42E0C00E0009508C6 /* SwitchControl.swift in Sources */,
				84A1BB032DFB05C100152D79 /* ContentView.swift in Sources */,
				84760DF62E0C0119009508C6 /* Structs.swift in Sources */,
				84A1BB2C2DFB067B00152D79 /* SocketManager.swift in Sources */,
				84A1BB012DFB05C100152D79 /* home_assistantApp.swift in Sources */,
				84760DF22E0C00CE009508C6 /* SliderControl.swift in Sources */,
				84760DEF2E0BF96C009508C6 /* DeviceView.swift in Sources */,
				84760DEA2E0BF5D4009508C6 /* HeaderView.swift in Sources */,
				84760DF82E0C013B009508C6 /* DeviceCard.swift in Sources */,
				84760DFA2E0C038E009508C6 /* SettingsView.swift in Sources */,
			);
			runOnlyForDeploymentPostprocessing = 0;
		};
		84A1BB092DFB05C200152D79 /* Sources */ = {
			isa = PBXSourcesBuildPhase;
			buildActionMask = 2147483647;
			files = (
				84A1BB122DFB05C200152D79 /* home_assistantTests.swift in Sources */,
			);
			runOnlyForDeploymentPostprocessing = 0;
		};
		84A1BB132DFB05C200152D79 /* Sources */ = {
			isa = PBXSourcesBuildPhase;
			buildActionMask = 2147483647;
			files = (
				84A1BB1E2DFB05C200152D79 /* home_assistantUITestsLaunchTests.swift in Sources */,
				84A1BB1C2DFB05C200152D79 /* home_assistantUITests.swift in Sources */,
			);
			runOnlyForDeploymentPostprocessing = 0;
		};
/* End PBXSourcesBuildPhase section */

/* Begin PBXTargetDependency section */
		84A1BB0F2DFB05C200152D79 /* PBXTargetDependency */ = {
			isa = PBXTargetDependency;
			target = 84A1BAFC2DFB05C100152D79 /* home-assistant */;
			targetProxy = 84A1BB0E2DFB05C200152D79 /* PBXContainerItemProxy */;
		};
		84A1BB192DFB05C200152D79 /* PBXTargetDependency */ = {
			isa = PBXTargetDependency;
			target = 84A1BAFC2DFB05C100152D79 /* home-assistant */;
			targetProxy = 84A1BB182DFB05C200152D79 /* PBXContainerItemProxy */;
		};
/* End PBXTargetDependency section */

/* Begin XCBuildConfiguration section */
		84A1BB1F2DFB05C200152D79 /* Debug */ = {
			isa = XCBuildConfiguration;
			buildSettings = {
				ALWAYS_SEARCH_USER_PATHS = NO;
				CLANG_ANALYZER_NONNULL = YES;
				CLANG_ANALYZER_NUMBER_OBJECT_CONVERSION = YES_AGGRESSIVE;
				CLANG_CXX_LANGUAGE_STANDARD = "gnu++20";
				CLANG_ENABLE_MODULES = YES;
				CLANG_ENABLE_OBJC_ARC = YES;
				CLANG_ENABLE_OBJC_WEAK = YES;
				CLANG_WARN_BLOCK_CAPTURE_AUTORELEASING = YES;
				CLANG_WARN_BOOL_CONVERSION = YES;
				CLANG_WARN_COMMA = YES;
				CLANG_WARN_CONSTANT_CONVERSION = YES;
				CLANG_WARN_DEPRECATED_OBJC_IMPLEMENTATIONS = YES;
				CLANG_WARN_DIRECT_OBJC_ISA_USAGE = YES_ERROR;
				CLANG_WARN_DOCUMENTATION_COMMENTS = YES;
				CLANG_WARN_EMPTY_BODY = YES;
				CLANG_WARN_ENUM_CONVERSION = YES;
				CLANG_WARN_INFINITE_RECURSION = YES;
				CLANG_WARN_INT_CONVERSION = YES;
				CLANG_WARN_NON_LITERAL_NULL_CONVERSION = YES;
				CLANG_WARN_OBJC_IMPLICIT_RETAIN_SELF = YES;
				CLANG_WARN_OBJC_LITERAL_CONVERSION = YES;
				CLANG_WARN_OBJC_ROOT_CLASS = YES_ERROR;
				CLANG_WARN_QUOTED_INCLUDE_IN_FRAMEWORK_HEADER = YES;
				CLANG_WARN_RANGE_LOOP_ANALYSIS = YES;
				CLANG_WARN_STRICT_PROTOTYPES = YES;
				CLANG_WARN_SUSPICIOUS_MOVE = YES;
				CLANG_WARN_UNGUARDED_AVAILABILITY = YES_AGGRESSIVE;
				CLANG_WARN_UNREACHABLE_CODE = YES;
				CLANG_WARN__DUPLICATE_METHOD_MATCH = YES;
				COPY_PHASE_STRIP = NO;
				DEBUG_INFORMATION_FORMAT = dwarf;
				ENABLE_STRICT_OBJC_MSGSEND = YES;
				ENABLE_TESTABILITY = YES;
				GCC_C_LANGUAGE_STANDARD = gnu11;
				GCC_DYNAMIC_NO_PIC = NO;
				GCC_NO_COMMON_BLOCKS = YES;
				GCC_OPTIMIZATION_LEVEL = 0;
				GCC_PREPROCESSOR_DEFINITIONS = (
					"DEBUG=1",
					"$(inherited)",
				);
				GCC_WARN_64_TO_32_BIT_CONVERSION = YES;
				GCC_WARN_ABOUT_RETURN_TYPE = YES_ERROR;
				GCC_WARN_UNDECLARED_SELECTOR = YES;
				GCC_WARN_UNINITIALIZED_AUTOS = YES_AGGRESSIVE;
				GCC_WARN_UNUSED_FUNCTION = YES;
				GCC_WARN_UNUSED_VARIABLE = YES;
				IPHONEOS_DEPLOYMENT_TARGET = 16.4;
				MTL_ENABLE_DEBUG_INFO = INCLUDE_SOURCE;
				MTL_FAST_MATH = YES;
				ONLY_ACTIVE_ARCH = YES;
				SDKROOT = iphoneos;
				SWIFT_ACTIVE_COMPILATION_CONDITIONS = DEBUG;
				SWIFT_OPTIMIZATION_LEVEL = "-Onone";
			};
			name = Debug;
		};
		84A1BB202DFB05C200152D79 /* Release */ = {
			isa = XCBuildConfiguration;
			buildSettings = {
				ALWAYS_SEARCH_USER_PATHS = NO;
				CLANG_ANALYZER_NONNULL = YES;
				CLANG_ANALYZER_NUMBER_OBJECT_CONVERSION = YES_AGGRESSIVE;
				CLANG_CXX_LANGUAGE_STANDARD = "gnu++20";
				CLANG_ENABLE_MODULES = YES;
				CLANG_ENABLE_OBJC_ARC = YES;
				CLANG_ENABLE_OBJC_WEAK = YES;
				CLANG_WARN_BLOCK_CAPTURE_AUTORELEASING = YES;
				CLANG_WARN_BOOL_CONVERSION = YES;
				CLANG_WARN_COMMA = YES;
				CLANG_WARN_CONSTANT_CONVERSION = YES;
				CLANG_WARN_DEPRECATED_OBJC_IMPLEMENTATIONS = YES;
				CLANG_WARN_DIRECT_OBJC_ISA_USAGE = YES_ERROR;
				CLANG_WARN_DOCUMENTATION_COMMENTS = YES;
				CLANG_WARN_EMPTY_BODY = YES;
				CLANG_WARN_ENUM_CONVERSION = YES;
				CLANG_WARN_INFINITE_RECURSION = YES;
				CLANG_WARN_INT_CONVERSION = YES;
				CLANG_WARN_NON_LITERAL_NULL_CONVERSION = YES;
				CLANG_WARN_OBJC_IMPLICIT_RETAIN_SELF = YES;
				CLANG_WARN_OBJC_LITERAL_CONVERSION = YES;
				CLANG_WARN_OBJC_ROOT_CLASS = YES_ERROR;
				CLANG_WARN_QUOTED_INCLUDE_IN_FRAMEWORK_HEADER = YES;
				CLANG_WARN_RANGE_LOOP_ANALYSIS = YES;
				CLANG_WARN_STRICT_PROTOTYPES = YES;
				CLANG_WARN_SUSPICIOUS_MOVE = YES;
				CLANG_WARN_UNGUARDED_AVAILABILITY = YES_AGGRESSIVE;
				CLANG_WARN_UNREACHABLE_CODE = YES;
				CLANG_WARN__DUPLICATE_METHOD_MATCH = YES;
				COPY_PHASE_STRIP = NO;
				DEBUG_INFORMATION_FORMAT = "dwarf-with-dsym";
				ENABLE_NS_ASSERTIONS = NO;
				ENABLE_STRICT_OBJC_MSGSEND = YES;
				GCC_C_LANGUAGE_STANDARD = gnu11;
				GCC_NO_COMMON_BLOCKS = YES;
				GCC_WARN_64_TO_32_BIT_CONVERSION = YES;
				GCC_WARN_ABOUT_RETURN_TYPE = YES_ERROR;
				GCC_WARN_UNDECLARED_SELECTOR = YES;
				GCC_WARN_UNINITIALIZED_AUTOS = YES_AGGRESSIVE;
				GCC_WARN_UNUSED_FUNCTION = YES;
				GCC_WARN_UNUSED_VARIABLE = YES;
				IPHONEOS_DEPLOYMENT_TARGET = 16.4;
				MTL_ENABLE_DEBUG_INFO = NO;
				MTL_FAST_MATH = YES;
				SDKROOT = iphoneos;
				SWIFT_COMPILATION_MODE = wholemodule;
				SWIFT_OPTIMIZATION_LEVEL = "-O";
				VALIDATE_PRODUCT = YES;
			};
			name = Release;
		};
		84A1BB222DFB05C200152D79 /* Debug */ = {
			isa = XCBuildConfiguration;
			baseConfigurationReference = 0D5715147D705E45AB9AB5C0 /* Pods-home-assistant.debug.xcconfig */;
			buildSettings = {
				ASSETCATALOG_COMPILER_APPICON_NAME = AppIcon;
				ASSETCATALOG_COMPILER_GLOBAL_ACCENT_COLOR_NAME = AccentColor;
				CODE_SIGN_STYLE = Automatic;
				CURRENT_PROJECT_VERSION = 1;
				DEVELOPMENT_ASSET_PATHS = "\"home-assistant/Preview Content\"";
				DEVELOPMENT_TEAM = 224V2C249S;
				ENABLE_PREVIEWS = YES;
				GENERATE_INFOPLIST_FILE = YES;
				INFOPLIST_KEY_UIApplicationSceneManifest_Generation = YES;
				INFOPLIST_KEY_UIApplicationSupportsIndirectInputEvents = YES;
				INFOPLIST_KEY_UILaunchScreen_Generation = YES;
				INFOPLIST_KEY_UISupportedInterfaceOrientations_iPad = "UIInterfaceOrientationPortrait UIInterfaceOrientationPortraitUpsideDown UIInterfaceOrientationLandscapeLeft UIInterfaceOrientationLandscapeRight";
				INFOPLIST_KEY_UISupportedInterfaceOrientations_iPhone = "UIInterfaceOrientationPortrait UIInterfaceOrientationLandscapeLeft UIInterfaceOrientationLandscapeRight";
				IPHONEOS_DEPLOYMENT_TARGET = 17.0;
				LD_RUNPATH_SEARCH_PATHS = (
					"$(inherited)",
					"@executable_path/Frameworks",
				);
				MARKETING_VERSION = 1.0;
				PRODUCT_BUNDLE_IDENTIFIER = "com.sparks.home-assistant";
				PRODUCT_NAME = "$(TARGET_NAME)";
				SWIFT_EMIT_LOC_STRINGS = YES;
				SWIFT_VERSION = 5.0;
				TARGETED_DEVICE_FAMILY = "1,2";
			};
			name = Debug;
		};
		84A1BB232DFB05C200152D79 /* Release */ = {
			isa = XCBuildConfiguration;
			baseConfigurationReference = 72E20C3330384FAE1B43FA28 /* Pods-home-assistant.release.xcconfig */;
			buildSettings = {
				ASSETCATALOG_COMPILER_APPICON_NAME = AppIcon;
				ASSETCATALOG_COMPILER_GLOBAL_ACCENT_COLOR_NAME = AccentColor;
				CODE_SIGN_STYLE = Automatic;
				CURRENT_PROJECT_VERSION = 1;
				DEVELOPMENT_ASSET_PATHS = "\"home-assistant/Preview Content\"";
				DEVELOPMENT_TEAM = 224V2C249S;
				ENABLE_PREVIEWS = YES;
				GENERATE_INFOPLIST_FILE = YES;
				INFOPLIST_KEY_UIApplicationSceneManifest_Generation = YES;
				INFOPLIST_KEY_UIApplicationSupportsIndirectInputEvents = YES;
				INFOPLIST_KEY_UILaunchScreen_Generation = YES;
				INFOPLIST_KEY_UISupportedInterfaceOrientations_iPad = "UIInterfaceOrientationPortrait UIInterfaceOrientationPortraitUpsideDown UIInterfaceOrientationLandscapeLeft UIInterfaceOrientationLandscapeRight";
				INFOPLIST_KEY_UISupportedInterfaceOrientations_iPhone = "UIInterfaceOrientationPortrait UIInterfaceOrientationLandscapeLeft UIInterfaceOrientationLandscapeRight";
				IPHONEOS_DEPLOYMENT_TARGET = 17.0;
				LD_RUNPATH_SEARCH_PATHS = (
					"$(inherited)",
					"@executable_path/Frameworks",
				);
				MARKETING_VERSION = 1.0;
				PRODUCT_BUNDLE_IDENTIFIER = "com.sparks.home-assistant";
				PRODUCT_NAME = "$(TARGET_NAME)";
				SWIFT_EMIT_LOC_STRINGS = YES;
				SWIFT_VERSION = 5.0;
				TARGETED_DEVICE_FAMILY = "1,2";
			};
			name = Release;
		};
		84A1BB252DFB05C200152D79 /* Debug */ = {
			isa = XCBuildConfiguration;
			baseConfigurationReference = 0FFD7CD145C7DF8EF0FC7E9D /* Pods-home-assistantTests.debug.xcconfig */;
			buildSettings = {
				ALWAYS_EMBED_SWIFT_STANDARD_LIBRARIES = YES;
				BUNDLE_LOADER = "$(TEST_HOST)";
				CODE_SIGN_STYLE = Automatic;
				CURRENT_PROJECT_VERSION = 1;
				DEVELOPMENT_TEAM = 224V2C249S;
				GENERATE_INFOPLIST_FILE = YES;
				IPHONEOS_DEPLOYMENT_TARGET = 16.4;
				MARKETING_VERSION = 1.0;
				PRODUCT_BUNDLE_IDENTIFIER = "com.sparks.home-assistantTests";
				PRODUCT_NAME = "$(TARGET_NAME)";
				SWIFT_EMIT_LOC_STRINGS = NO;
				SWIFT_VERSION = 5.0;
				TARGETED_DEVICE_FAMILY = "1,2";
				TEST_HOST = "$(BUILT_PRODUCTS_DIR)/home-assistant.app/$(BUNDLE_EXECUTABLE_FOLDER_PATH)/home-assistant";
			};
			name = Debug;
		};
		84A1BB262DFB05C200152D79 /* Release */ = {
			isa = XCBuildConfiguration;
			baseConfigurationReference = 34B8F231B198B6E0A8EB3A23 /* Pods-home-assistantTests.release.xcconfig */;
			buildSettings = {
				ALWAYS_EMBED_SWIFT_STANDARD_LIBRARIES = YES;
				BUNDLE_LOADER = "$(TEST_HOST)";
				CODE_SIGN_STYLE = Automatic;
				CURRENT_PROJECT_VERSION = 1;
				DEVELOPMENT_TEAM = 224V2C249S;
				GENERATE_INFOPLIST_FILE = YES;
				IPHONEOS_DEPLOYMENT_TARGET = 16.4;
				MARKETING_VERSION = 1.0;
				PRODUCT_BUNDLE_IDENTIFIER = "com.sparks.home-assistantTests";
				PRODUCT_NAME = "$(TARGET_NAME)";
				SWIFT_EMIT_LOC_STRINGS = NO;
				SWIFT_VERSION = 5.0;
				TARGETED_DEVICE_FAMILY = "1,2";
				TEST_HOST = "$(BUILT_PRODUCTS_DIR)/home-assistant.app/$(BUNDLE_EXECUTABLE_FOLDER_PATH)/home-assistant";
			};
			name = Release;
		};
		84A1BB282DFB05C200152D79 /* Debug */ = {
			isa = XCBuildConfiguration;
			baseConfigurationReference = 55A5BCB98A19C7D2DAABB7E9 /* Pods-home-assistant-home-assistantUITests.debug.xcconfig */;
			buildSettings = {
				ALWAYS_EMBED_SWIFT_STANDARD_LIBRARIES = YES;
				CODE_SIGN_STYLE = Automatic;
				CURRENT_PROJECT_VERSION = 1;
				DEVELOPMENT_TEAM = 224V2C249S;
				GENERATE_INFOPLIST_FILE = YES;
				MARKETING_VERSION = 1.0;
				PRODUCT_BUNDLE_IDENTIFIER = "com.sparks.home-assistantUITests";
				PRODUCT_NAME = "$(TARGET_NAME)";
				SWIFT_EMIT_LOC_STRINGS = NO;
				SWIFT_VERSION = 5.0;
				TARGETED_DEVICE_FAMILY = "1,2";
				TEST_TARGET_NAME = "home-assistant";
			};
			name = Debug;
		};
		84A1BB292DFB05C200152D79 /* Release */ = {
			isa = XCBuildConfiguration;
			baseConfigurationReference = C8269181DFA5A9140627808B /* Pods-home-assistant-home-assistantUITests.release.xcconfig */;
			buildSettings = {
				ALWAYS_EMBED_SWIFT_STANDARD_LIBRARIES = YES;
				CODE_SIGN_STYLE = Automatic;
				CURRENT_PROJECT_VERSION = 1;
				DEVELOPMENT_TEAM = 224V2C249S;
				GENERATE_INFOPLIST_FILE = YES;
				MARKETING_VERSION = 1.0;
				PRODUCT_BUNDLE_IDENTIFIER = "com.sparks.home-assistantUITests";
				PRODUCT_NAME = "$(TARGET_NAME)";
				SWIFT_EMIT_LOC_STRINGS = NO;
				SWIFT_VERSION = 5.0;
				TARGETED_DEVICE_FAMILY = "1,2";
				TEST_TARGET_NAME = "home-assistant";
			};
			name = Release;
		};
/* End XCBuildConfiguration section */

/* Begin XCConfigurationList section */
		84A1BAF82DFB05C100152D79 /* Build configuration list for PBXProject "home-assistant" */ = {
			isa = XCConfigurationList;
			buildConfigurations = (
				84A1BB1F2DFB05C200152D79 /* Debug */,
				84A1BB202DFB05C200152D79 /* Release */,
			);
			defaultConfigurationIsVisible = 0;
			defaultConfigurationName = Release;
		};
		84A1BB212DFB05C200152D79 /* Build configuration list for PBXNativeTarget "home-assistant" */ = {
			isa = XCConfigurationList;
			buildConfigurations = (
				84A1BB222DFB05C200152D79 /* Debug */,
				84A1BB232DFB05C200152D79 /* Release */,
			);
			defaultConfigurationIsVisible = 0;
			defaultConfigurationName = Release;
		};
		84A1BB242DFB05C200152D79 /* Build configuration list for PBXNativeTarget "home-assistantTests" */ = {
			isa = XCConfigurationList;
			buildConfigurations = (
				84A1BB252DFB05C200152D79 /* Debug */,
				84A1BB262DFB05C200152D79 /* Release */,
			);
			defaultConfigurationIsVisible = 0;
			defaultConfigurationName = Release;
		};
		84A1BB272DFB05C200152D79 /* Build configuration list for PBXNativeTarget "home-assistantUITests" */ = {
			isa = XCConfigurationList;
			buildConfigurations = (
				84A1BB282DFB05C200152D79 /* Debug */,
				84A1BB292DFB05C200152D79 /* Release */,
			);
			defaultConfigurationIsVisible = 0;
			defaultConfigurationName = Release;
		};
/* End XCConfigurationList section */
	};
	rootObject = 84A1BAF52DFB05C100152D79 /* Project object */;
}
